
Microsoft Visual Studio Solution File, Format Version 12.00
Project("{FAE04EC0-301F-11D3-BF4B-00C04F79EFBC}") = "CVDotNet", "CVDotNet\CVDotNet.csproj", "{1A0BE5F0-A6C6-42FE-A4BE-10B342AE14A0}"
EndProject
Global
	GlobalSection(SolutionConfigurationPlatforms) = preSolution
		Debug|Any CPU = Debug|Any CPU
		Release|Any CPU = Release|Any CPU
	EndGlobalSection
	GlobalSection(ProjectConfigurationPlatforms) = postSolution
		{1A0BE5F0-A6C6-42FE-A4BE-10B342AE14A0}.Debug|Any CPU.ActiveCfg = Debug|Any CPU
		{1A0BE5F0-A6C6-42FE-A4BE-10B342AE14A0}.Debug|Any CPU.Build.0 = Debug|Any CPU
		{1A0BE5F0-A6C6-42FE-A4BE-10B342AE14A0}.Release|Any CPU.ActiveCfg = Release|Any CPU
		{1A0BE5F0-A6C6-42FE-A4BE-10B342AE14A0}.Release|Any CPU.Build.0 = Release|Any CPU
	EndGlobalSection
EndGlobal
